
Microsoft Visual Studio Solution File, Format Version 12.00
Project("{FAE04EC0-301F-11D3-BF4B-00C04F79EFBC}") = "Webhook", "Webhook\Webhook.csproj", "{20A91CC9-B934-4768-BB0C-309642BAB0EB}"
EndProject
Global
	GlobalSection(SolutionConfigurationPlatforms) = preSolution
		Debug|Any CPU = Debug|Any CPU
		Release|Any CPU = Release|Any CPU
	EndGlobalSection
	GlobalSection(ProjectConfigurationPlatforms) = postSolution
		{20A91CC9-B934-4768-BB0C-309642BAB0EB}.Debug|Any CPU.ActiveCfg = Debug|Any CPU
		{20A91CC9-B934-4768-BB0C-309642BAB0EB}.Debug|Any CPU.Build.0 = Debug|Any CPU
		{20A91CC9-B934-4768-BB0C-309642BAB0EB}.Release|Any CPU.ActiveCfg = Release|Any CPU
		{20A91CC9-B934-4768-BB0C-309642BAB0EB}.Release|Any CPU.Build.0 = Release|Any CPU
	EndGlobalSection
EndGlobal
